// !$*UTF8*$!
{
	archiveVersion = 1;
	classes = {
	};
	objectVersion = 46;
	objects = {

/* Begin PBXBuildFile section */
		7F4459916FA1E8A2EB17D097 /* libPods-httpProxy.a in Frameworks */ = {isa = PBXBuildFile; fileRef = 708E68046B64B8D266F43A0D /* libPods-httpProxy.a */; };
		811B5D181E78F72B00284F0F /* StreamCryptoProcessor.m in Sources */ = {isa = PBXBuildFile; fileRef = 811B5D171E78F72B00284F0F /* StreamCryptoProcessor.m */; };
		812D88361E67FC7700CBD8E5 /* HTTPHeader.m in Sources */ = {isa = PBXBuildFile; fileRef = 812D88351E67FC7700CBD8E5 /* HTTPHeader.m */; };
		812FF5041E70401F004762A2 /* NSData+AES256.m in Sources */ = {isa = PBXBuildFile; fileRef = 812FF5031E70401F004762A2 /* NSData+AES256.m */; };
		81C33E4A1E70E15A00555F58 /* Rc4.m in Sources */ = {isa = PBXBuildFile; fileRef = 81C33E491E70E15A00555F58 /* Rc4.m */; };
		81C6D1E01E72D14C004B780A /* ShadowSocksProxySocket.m in Sources */ = {isa = PBXBuildFile; fileRef = 81C6D1DF1E72D14C004B780A /* ShadowSocksProxySocket.m */; };
		81E16B861E717DC900FF228B /* aes-256-cfb.js in Resources */ = {isa = PBXBuildFile; fileRef = 81E16B851E717DC900FF228B /* aes-256-cfb.js */; };
		81F26F621E6952AC00079AA1 /* ProxySocket.m in Sources */ = {isa = PBXBuildFile; fileRef = 81F26F611E6952AC00079AA1 /* ProxySocket.m */; };
		81F26F671E6CFFB800079AA1 /* RequestSocket.m in Sources */ = {isa = PBXBuildFile; fileRef = 81F26F661E6CFFB800079AA1 /* RequestSocket.m */; };
		81F26F731E6D881D00079AA1 /* SOCKSProxy.m in Sources */ = {isa = PBXBuildFile; fileRef = 81F26F6F1E6D881D00079AA1 /* SOCKSProxy.m */; };
		81F26F741E6D881D00079AA1 /* SOCKSProxySocket.m in Sources */ = {isa = PBXBuildFile; fileRef = 81F26F711E6D881D00079AA1 /* SOCKSProxySocket.m */; };
		81F70ADB1E67E5DA001A0393 /* main.m in Sources */ = {isa = PBXBuildFile; fileRef = 81F70ADA1E67E5DA001A0393 /* main.m */; };
		81F70ADE1E67E5DA001A0393 /* AppDelegate.m in Sources */ = {isa = PBXBuildFile; fileRef = 81F70ADD1E67E5DA001A0393 /* AppDelegate.m */; };
		81F70AE11E67E5DA001A0393 /* ViewController.m in Sources */ = {isa = PBXBuildFile; fileRef = 81F70AE01E67E5DA001A0393 /* ViewController.m */; };
		81F70AE41E67E5DA001A0393 /* Main.storyboard in Resources */ = {isa = PBXBuildFile; fileRef = 81F70AE21E67E5DA001A0393 /* Main.storyboard */; };
		81F70AE61E67E5DA001A0393 /* Assets.xcassets in Resources */ = {isa = PBXBuildFile; fileRef = 81F70AE51E67E5DA001A0393 /* Assets.xcassets */; };
		81F70AE91E67E5DA001A0393 /* LaunchScreen.storyboard in Resources */ = {isa = PBXBuildFile; fileRef = 81F70AE71E67E5DA001A0393 /* LaunchScreen.storyboard */; };
		81FE3DCB1E780E120051D63E /* Encryptor.m in Sources */ = {isa = PBXBuildFile; fileRef = 81FE3DCA1E780E120051D63E /* Encryptor.m */; };
		81FE3DCE1E7813F90051D63E /* NSData+Encryptor.m in Sources */ = {isa = PBXBuildFile; fileRef = 81FE3DCD1E7813F90051D63E /* NSData+Encryptor.m */; };
/* End PBXBuildFile section */

/* Begin PBXFileReference section */
		1254368A0E13C39B387C043D /* Pods-httpProxy.debug.xcconfig */ = {isa = PBXFileReference; includeInIndex = 1; lastKnownFileType = text.xcconfig; name = "Pods-httpProxy.debug.xcconfig"; path = "Pods/Target Support Files/Pods-httpProxy/Pods-httpProxy.debug.xcconfig"; sourceTree = "<group>"; };
		377E27B458491126F4F664E8 /* Pods-httpProxy.release.xcconfig */ = {isa = PBXFileReference; includeInIndex = 1; lastKnownFileType = text.xcconfig; name = "Pods-httpProxy.release.xcconfig"; path = "Pods/Target Support Files/Pods-httpProxy/Pods-httpProxy.release.xcconfig"; sourceTree = "<group>"; };
		708E68046B64B8D266F43A0D /* libPods-httpProxy.a */ = {isa = PBXFileReference; explicitFileType = archive.ar; includeInIndex = 0; path = "libPods-httpProxy.a"; sourceTree = BUILT_PRODUCTS_DIR; };
		811B5D121E78F43900284F0F /* StreamCryptoProtocol.h */ = {isa = PBXFileReference; fileEncoding = 4; lastKnownFileType = sourcecode.c.h; path = StreamCryptoProtocol.h; sourceTree = "<group>"; };
		811B5D161E78F72B00284F0F /* StreamCryptoProcessor.h */ = {isa = PBXFileReference; fileEncoding = 4; lastKnownFileType = sourcecode.c.h; path = StreamCryptoProcessor.h; sourceTree = "<group>"; };
		811B5D171E78F72B00284F0F /* StreamCryptoProcessor.m */ = {isa = PBXFileReference; fileEncoding = 4; lastKnownFileType = sourcecode.c.objc; path = StreamCryptoProcessor.m; sourceTree = "<group>"; };
		812D88341E67FC7700CBD8E5 /* HTTPHeader.h */ = {isa = PBXFileReference; fileEncoding = 4; lastKnownFileType = sourcecode.c.h; path = HTTPHeader.h; sourceTree = "<group>"; };
		812D88351E67FC7700CBD8E5 /* HTTPHeader.m */ = {isa = PBXFileReference; fileEncoding = 4; lastKnownFileType = sourcecode.c.objc; path = HTTPHeader.m; sourceTree = "<group>"; };
		812FF5021E70401F004762A2 /* NSData+AES256.h */ = {isa = PBXFileReference; fileEncoding = 4; lastKnownFileType = sourcecode.c.h; path = "NSData+AES256.h"; sourceTree = "<group>"; };
		812FF5031E70401F004762A2 /* NSData+AES256.m */ = {isa = PBXFileReference; fileEncoding = 4; lastKnownFileType = sourcecode.c.objc; path = "NSData+AES256.m"; sourceTree = "<group>"; };
		81C33E481E70E15A00555F58 /* Rc4.h */ = {isa = PBXFileReference; fileEncoding = 4; lastKnownFileType = sourcecode.c.h; path = Rc4.h; sourceTree = "<group>"; };
		81C33E491E70E15A00555F58 /* Rc4.m */ = {isa = PBXFileReference; fileEncoding = 4; lastKnownFileType = sourcecode.c.objc; path = Rc4.m; sourceTree = "<group>"; };
		81C6D1DE1E72D14C004B780A /* ShadowSocksProxySocket.h */ = {isa = PBXFileReference; fileEncoding = 4; lastKnownFileType = sourcecode.c.h; path = ShadowSocksProxySocket.h; sourceTree = "<group>"; };
		81C6D1DF1E72D14C004B780A /* ShadowSocksProxySocket.m */ = {isa = PBXFileReference; fileEncoding = 4; lastKnownFileType = sourcecode.c.objc; path = ShadowSocksProxySocket.m; sourceTree = "<group>"; };
		81E16B851E717DC900FF228B /* aes-256-cfb.js */ = {isa = PBXFileReference; fileEncoding = 4; lastKnownFileType = sourcecode.javascript; path = "aes-256-cfb.js"; sourceTree = "<group>"; };
		81F26F601E6952AC00079AA1 /* ProxySocket.h */ = {isa = PBXFileReference; fileEncoding = 4; lastKnownFileType = sourcecode.c.h; path = ProxySocket.h; sourceTree = "<group>"; };
		81F26F611E6952AC00079AA1 /* ProxySocket.m */ = {isa = PBXFileReference; fileEncoding = 4; lastKnownFileType = sourcecode.c.objc; path = ProxySocket.m; sourceTree = "<group>"; };
		81F26F651E6CFFB800079AA1 /* RequestSocket.h */ = {isa = PBXFileReference; fileEncoding = 4; lastKnownFileType = sourcecode.c.h; path = RequestSocket.h; sourceTree = "<group>"; };
		81F26F661E6CFFB800079AA1 /* RequestSocket.m */ = {isa = PBXFileReference; fileEncoding = 4; lastKnownFileType = sourcecode.c.objc; path = RequestSocket.m; sourceTree = "<group>"; };
		81F26F681E6D0CC700079AA1 /* PrefixHeader.pch */ = {isa = PBXFileReference; lastKnownFileType = sourcecode.c.h; path = PrefixHeader.pch; sourceTree = "<group>"; };
		81F26F6E1E6D881D00079AA1 /* SOCKSProxy.h */ = {isa = PBXFileReference; fileEncoding = 4; lastKnownFileType = sourcecode.c.h; path = SOCKSProxy.h; sourceTree = "<group>"; };
		81F26F6F1E6D881D00079AA1 /* SOCKSProxy.m */ = {isa = PBXFileReference; fileEncoding = 4; lastKnownFileType = sourcecode.c.objc; path = SOCKSProxy.m; sourceTree = "<group>"; };
		81F26F701E6D881D00079AA1 /* SOCKSProxySocket.h */ = {isa = PBXFileReference; fileEncoding = 4; lastKnownFileType = sourcecode.c.h; path = SOCKSProxySocket.h; sourceTree = "<group>"; };
		81F26F711E6D881D00079AA1 /* SOCKSProxySocket.m */ = {isa = PBXFileReference; fileEncoding = 4; lastKnownFileType = sourcecode.c.objc; path = SOCKSProxySocket.m; sourceTree = "<group>"; };
		81F70AD61E67E5DA001A0393 /* httpProxy.app */ = {isa = PBXFileReference; explicitFileType = wrapper.application; includeInIndex = 0; path = httpProxy.app; sourceTree = BUILT_PRODUCTS_DIR; };
		81F70ADA1E67E5DA001A0393 /* main.m */ = {isa = PBXFileReference; lastKnownFileType = sourcecode.c.objc; path = main.m; sourceTree = "<group>"; };
		81F70ADC1E67E5DA001A0393 /* AppDelegate.h */ = {isa = PBXFileReference; lastKnownFileType = sourcecode.c.h; path = AppDelegate.h; sourceTree = "<group>"; };
		81F70ADD1E67E5DA001A0393 /* AppDelegate.m */ = {isa = PBXFileReference; lastKnownFileType = sourcecode.c.objc; path = AppDelegate.m; sourceTree = "<group>"; };
		81F70ADF1E67E5DA001A0393 /* ViewController.h */ = {isa = PBXFileReference; lastKnownFileType = sourcecode.c.h; path = ViewController.h; sourceTree = "<group>"; };
		81F70AE01E67E5DA001A0393 /* ViewController.m */ = {isa = PBXFileReference; lastKnownFileType = sourcecode.c.objc; path = ViewController.m; sourceTree = "<group>"; };
		81F70AE31E67E5DA001A0393 /* Base */ = {isa = PBXFileReference; lastKnownFileType = file.storyboard; name = Base; path = Base.lproj/Main.storyboard; sourceTree = "<group>"; };
		81F70AE51E67E5DA001A0393 /* Assets.xcassets */ = {isa = PBXFileReference; lastKnownFileType = folder.assetcatalog; path = Assets.xcassets; sourceTree = "<group>"; };
		81F70AE81E67E5DA001A0393 /* Base */ = {isa = PBXFileReference; lastKnownFileType = file.storyboard; name = Base; path = Base.lproj/LaunchScreen.storyboard; sourceTree = "<group>"; };
		81F70AEA1E67E5DA001A0393 /* Info.plist */ = {isa = PBXFileReference; lastKnownFileType = text.plist.xml; path = Info.plist; sourceTree = "<group>"; };
		81FE3DC91E780E120051D63E /* Encryptor.h */ = {isa = PBXFileReference; fileEncoding = 4; lastKnownFileType = sourcecode.c.h; path = Encryptor.h; sourceTree = "<group>"; };
		81FE3DCA1E780E120051D63E /* Encryptor.m */ = {isa = PBXFileReference; fileEncoding = 4; lastKnownFileType = sourcecode.c.objc; path = Encryptor.m; sourceTree = "<group>"; };
		81FE3DCC1E7813F90051D63E /* NSData+Encryptor.h */ = {isa = PBXFileReference; fileEncoding = 4; lastKnownFileType = sourcecode.c.h; path = "NSData+Encryptor.h"; sourceTree = "<group>"; };
		81FE3DCD1E7813F90051D63E /* NSData+Encryptor.m */ = {isa = PBXFileReference; fileEncoding = 4; lastKnownFileType = sourcecode.c.objc; path = "NSData+Encryptor.m"; sourceTree = "<group>"; };
/* End PBXFileReference section */

/* Begin PBXFrameworksBuildPhase section */
		81F70AD31E67E5DA001A0393 /* Frameworks */ = {
			isa = PBXFrameworksBuildPhase;
			buildActionMask = 2147483647;
			files = (
				7F4459916FA1E8A2EB17D097 /* libPods-httpProxy.a in Frameworks */,
			);
			runOnlyForDeploymentPostprocessing = 0;
		};
/* End PBXFrameworksBuildPhase section */

/* Begin PBXGroup section */
		0569CC3816BF52AF7CA6457B /* Frameworks */ = {
			isa = PBXGroup;
			children = (
				708E68046B64B8D266F43A0D /* libPods-httpProxy.a */,
			);
			name = Frameworks;
			sourceTree = "<group>";
		};
		69DCE8352842F8A382EC8DA8 /* Pods */ = {
			isa = PBXGroup;
			children = (
				1254368A0E13C39B387C043D /* Pods-httpProxy.debug.xcconfig */,
				377E27B458491126F4F664E8 /* Pods-httpProxy.release.xcconfig */,
			);
			name = Pods;
			sourceTree = "<group>";
		};
		812FF4FE1E701B3D004762A2 /* Category */ = {
			isa = PBXGroup;
			children = (
				81FE3DCC1E7813F90051D63E /* NSData+Encryptor.h */,
				81FE3DCD1E7813F90051D63E /* NSData+Encryptor.m */,
				812FF5021E70401F004762A2 /* NSData+AES256.h */,
				812FF5031E70401F004762A2 /* NSData+AES256.m */,
				81C33E481E70E15A00555F58 /* Rc4.h */,
				81C33E491E70E15A00555F58 /* Rc4.m */,
			);
			path = Category;
			sourceTree = "<group>";
		};
		81F26F691E6D881D00079AA1 /* ProxyKit */ = {
			isa = PBXGroup;
			children = (
				81F26F6D1E6D881D00079AA1 /* Server */,
			);
			path = ProxyKit;
			sourceTree = "<group>";
		};
		81F26F6D1E6D881D00079AA1 /* Server */ = {
			isa = PBXGroup;
			children = (
				81F26F6E1E6D881D00079AA1 /* SOCKSProxy.h */,
				81F26F6F1E6D881D00079AA1 /* SOCKSProxy.m */,
				81F26F701E6D881D00079AA1 /* SOCKSProxySocket.h */,
				81F26F711E6D881D00079AA1 /* SOCKSProxySocket.m */,
				81C6D1DE1E72D14C004B780A /* ShadowSocksProxySocket.h */,
				81C6D1DF1E72D14C004B780A /* ShadowSocksProxySocket.m */,
			);
			path = Server;
			sourceTree = "<group>";
		};
		81F70ACD1E67E5DA001A0393 = {
			isa = PBXGroup;
			children = (
				81F70AD81E67E5DA001A0393 /* httpProxy */,
				81F70AD71E67E5DA001A0393 /* Products */,
				69DCE8352842F8A382EC8DA8 /* Pods */,
				0569CC3816BF52AF7CA6457B /* Frameworks */,
			);
			sourceTree = "<group>";
		};
		81F70AD71E67E5DA001A0393 /* Products */ = {
			isa = PBXGroup;
			children = (
				81F70AD61E67E5DA001A0393 /* httpProxy.app */,
			);
			name = Products;
			sourceTree = "<group>";
		};
		81F70AD81E67E5DA001A0393 /* httpProxy */ = {
			isa = PBXGroup;
			children = (
				812FF4FE1E701B3D004762A2 /* Category */,
				81F26F691E6D881D00079AA1 /* ProxyKit */,
				81F70ADC1E67E5DA001A0393 /* AppDelegate.h */,
				81F70ADD1E67E5DA001A0393 /* AppDelegate.m */,
				81F70ADF1E67E5DA001A0393 /* ViewController.h */,
				81F70AE01E67E5DA001A0393 /* ViewController.m */,
				81F26F681E6D0CC700079AA1 /* PrefixHeader.pch */,
				81F70AE21E67E5DA001A0393 /* Main.storyboard */,
				81F70AE51E67E5DA001A0393 /* Assets.xcassets */,
				81F70AE71E67E5DA001A0393 /* LaunchScreen.storyboard */,
				81F70AEA1E67E5DA001A0393 /* Info.plist */,
				81F70AD91E67E5DA001A0393 /* Supporting Files */,
				812D88341E67FC7700CBD8E5 /* HTTPHeader.h */,
				812D88351E67FC7700CBD8E5 /* HTTPHeader.m */,
				81F26F601E6952AC00079AA1 /* ProxySocket.h */,
				81F26F611E6952AC00079AA1 /* ProxySocket.m */,
				81F26F651E6CFFB800079AA1 /* RequestSocket.h */,
				81F26F661E6CFFB800079AA1 /* RequestSocket.m */,
				81E16B851E717DC900FF228B /* aes-256-cfb.js */,
				81FE3DC91E780E120051D63E /* Encryptor.h */,
				81FE3DCA1E780E120051D63E /* Encryptor.m */,
				811B5D121E78F43900284F0F /* StreamCryptoProtocol.h */,
				811B5D161E78F72B00284F0F /* StreamCryptoProcessor.h */,
				811B5D171E78F72B00284F0F /* StreamCryptoProcessor.m */,
			);
			path = httpProxy;
			sourceTree = "<group>";
		};
		81F70AD91E67E5DA001A0393 /* Supporting Files */ = {
			isa = PBXGroup;
			children = (
				81F70ADA1E67E5DA001A0393 /* main.m */,
			);
			name = "Supporting Files";
			sourceTree = "<group>";
		};
/* End PBXGroup section */

/* Begin PBXNativeTarget section */
		81F70AD51E67E5DA001A0393 /* httpProxy */ = {
			isa = PBXNativeTarget;
			buildConfigurationList = 81F70AED1E67E5DA001A0393 /* Build configuration list for PBXNativeTarget "httpProxy" */;
			buildPhases = (
				0DE523389891ED206E462337 /* [CP] Check Pods Manifest.lock */,
				81F70AD21E67E5DA001A0393 /* Sources */,
				81F70AD31E67E5DA001A0393 /* Frameworks */,
				81F70AD41E67E5DA001A0393 /* Resources */,
				A7FF38626D8197106A16D92B /* [CP] Embed Pods Frameworks */,
				AC7EE1BDBC3610343E0F3210 /* [CP] Copy Pods Resources */,
			);
			buildRules = (
			);
			dependencies = (
			);
			name = httpProxy;
			productName = httpProxy;
			productReference = 81F70AD61E67E5DA001A0393 /* httpProxy.app */;
			productType = "com.apple.product-type.application";
		};
/* End PBXNativeTarget section */

/* Begin PBXProject section */
		81F70ACE1E67E5DA001A0393 /* Project object */ = {
			isa = PBXProject;
			attributes = {
				LastUpgradeCheck = 0820;
				ORGANIZATIONNAME = FinalFantasy;
				TargetAttributes = {
					81F70AD51E67E5DA001A0393 = {
						CreatedOnToolsVersion = 8.2.1;
						DevelopmentTeam = MEU26PKGC2;
						ProvisioningStyle = Automatic;
					};
				};
			};
			buildConfigurationList = 81F70AD11E67E5DA001A0393 /* Build configuration list for PBXProject "httpProxy" */;
			compatibilityVersion = "Xcode 3.2";
			developmentRegion = English;
			hasScannedForEncodings = 0;
			knownRegions = (
				en,
				Base,
			);
			mainGroup = 81F70ACD1E67E5DA001A0393;
			productRefGroup = 81F70AD71E67E5DA001A0393 /* Products */;
			projectDirPath = "";
			projectRoot = "";
			targets = (
				81F70AD51E67E5DA001A0393 /* httpProxy */,
			);
		};
/* End PBXProject section */

/* Begin PBXResourcesBuildPhase section */
		81F70AD41E67E5DA001A0393 /* Resources */ = {
			isa = PBXResourcesBuildPhase;
			buildActionMask = 2147483647;
			files = (
				81E16B861E717DC900FF228B /* aes-256-cfb.js in Resources */,
				81F70AE91E67E5DA001A0393 /* LaunchScreen.storyboard in Resources */,
				81F70AE61E67E5DA001A0393 /* Assets.xcassets in Resources */,
				81F70AE41E67E5DA001A0393 /* Main.storyboard in Resources */,
			);
			runOnlyForDeploymentPostprocessing = 0;
		};
/* End PBXResourcesBuildPhase section */

/* Begin PBXShellScriptBuildPhase section */
		0DE523389891ED206E462337 /* [CP] Check Pods Manifest.lock */ = {
			isa = PBXShellScriptBuildPhase;
			buildActionMask = 2147483647;
			files = (
			);
			inputPaths = (
			);
			name = "[CP] Check Pods Manifest.lock";
			outputPaths = (
			);
			runOnlyForDeploymentPostprocessing = 0;
			shellPath = /bin/sh;
			shellScript = "diff \"${PODS_ROOT}/../Podfile.lock\" \"${PODS_ROOT}/Manifest.lock\" > /dev/null\nif [ $? != 0 ] ; then\n    # print error to STDERR\n    echo \"error: The sandbox is not in sync with the Podfile.lock. Run 'pod install' or update your CocoaPods installation.\" >&2\n    exit 1\nfi\n";
			showEnvVarsInLog = 0;
		};
		A7FF38626D8197106A16D92B /* [CP] Embed Pods Frameworks */ = {
			isa = PBXShellScriptBuildPhase;
			buildActionMask = 2147483647;
			files = (
			);
			inputPaths = (
			);
			name = "[CP] Embed Pods Frameworks";
			outputPaths = (
			);
			runOnlyForDeploymentPostprocessing = 0;
			shellPath = /bin/sh;
			shellScript = "\"${SRCROOT}/Pods/Target Support Files/Pods-httpProxy/Pods-httpProxy-frameworks.sh\"\n";
			showEnvVarsInLog = 0;
		};
		AC7EE1BDBC3610343E0F3210 /* [CP] Copy Pods Resources */ = {
			isa = PBXShellScriptBuildPhase;
			buildActionMask = 2147483647;
			files = (
			);
			inputPaths = (
			);
			name = "[CP] Copy Pods Resources";
			outputPaths = (
			);
			runOnlyForDeploymentPostprocessing = 0;
			shellPath = /bin/sh;
			shellScript = "\"${SRCROOT}/Pods/Target Support Files/Pods-httpProxy/Pods-httpProxy-resources.sh\"\n";
			showEnvVarsInLog = 0;
		};
/* End PBXShellScriptBuildPhase section */

/* Begin PBXSourcesBuildPhase section */
		81F70AD21E67E5DA001A0393 /* Sources */ = {
			isa = PBXSourcesBuildPhase;
			buildActionMask = 2147483647;
			files = (
				811B5D181E78F72B00284F0F /* StreamCryptoProcessor.m in Sources */,
				812D88361E67FC7700CBD8E5 /* HTTPHeader.m in Sources */,
				812FF5041E70401F004762A2 /* NSData+AES256.m in Sources */,
				81F70AE11E67E5DA001A0393 /* ViewController.m in Sources */,
				81F70ADE1E67E5DA001A0393 /* AppDelegate.m in Sources */,
				81F26F741E6D881D00079AA1 /* SOCKSProxySocket.m in Sources */,
				81F26F731E6D881D00079AA1 /* SOCKSProxy.m in Sources */,
				81F26F621E6952AC00079AA1 /* ProxySocket.m in Sources */,
				81F26F671E6CFFB800079AA1 /* RequestSocket.m in Sources */,
				81F70ADB1E67E5DA001A0393 /* main.m in Sources */,
				81C33E4A1E70E15A00555F58 /* Rc4.m in Sources */,
				81FE3DCE1E7813F90051D63E /* NSData+Encryptor.m in Sources */,
				81C6D1E01E72D14C004B780A /* ShadowSocksProxySocket.m in Sources */,
				81FE3DCB1E780E120051D63E /* Encryptor.m in Sources */,
			);
			runOnlyForDeploymentPostprocessing = 0;
		};
/* End PBXSourcesBuildPhase section */

/* Begin PBXVariantGroup section */
		81F70AE21E67E5DA001A0393 /* Main.storyboard */ = {
			isa = PBXVariantGroup;
			children = (
				81F70AE31E67E5DA001A0393 /* Base */,
			);
			name = Main.storyboard;
			sourceTree = "<group>";
		};
		81F70AE71E67E5DA001A0393 /* LaunchScreen.storyboard */ = {
			isa = PBXVariantGroup;
			children = (
				81F70AE81E67E5DA001A0393 /* Base */,
			);
			name = LaunchScreen.storyboard;
			sourceTree = "<group>";
		};
/* End PBXVariantGroup section */

/* Begin XCBuildConfiguration section */
		81F70AEB1E67E5DA001A0393 /* Debug */ = {
			isa = XCBuildConfiguration;
			buildSettings = {
				ALWAYS_SEARCH_USER_PATHS = NO;
				CLANG_ANALYZER_NONNULL = YES;
				CLANG_CXX_LANGUAGE_STANDARD = "gnu++0x";
				CLANG_CXX_LIBRARY = "libc++";
				CLANG_ENABLE_MODULES = YES;
				CLANG_ENABLE_OBJC_ARC = YES;
				CLANG_WARN_BOOL_CONVERSION = YES;
				CLANG_WARN_CONSTANT_CONVERSION = YES;
				CLANG_WARN_DIRECT_OBJC_ISA_USAGE = YES_ERROR;
				CLANG_WARN_DOCUMENTATION_COMMENTS = YES;
				CLANG_WARN_EMPTY_BODY = YES;
				CLANG_WARN_ENUM_CONVERSION = YES;
				CLANG_WARN_INFINITE_RECURSION = YES;
				CLANG_WARN_INT_CONVERSION = YES;
				CLANG_WARN_OBJC_ROOT_CLASS = YES_ERROR;
				CLANG_WARN_SUSPICIOUS_MOVE = YES;
				CLANG_WARN_UNREACHABLE_CODE = YES;
				CLANG_WARN__DUPLICATE_METHOD_MATCH = YES;
				"CODE_SIGN_IDENTITY[sdk=iphoneos*]" = "iPhone Developer";
				COPY_PHASE_STRIP = NO;
				DEBUG_INFORMATION_FORMAT = dwarf;
				ENABLE_STRICT_OBJC_MSGSEND = YES;
				ENABLE_TESTABILITY = YES;
				GCC_C_LANGUAGE_STANDARD = gnu99;
				GCC_DYNAMIC_NO_PIC = NO;
				GCC_NO_COMMON_BLOCKS = YES;
				GCC_OPTIMIZATION_LEVEL = 0;
				GCC_PREPROCESSOR_DEFINITIONS = (
					"DEBUG=1",
					"$(inherited)",
				);
				GCC_WARN_64_TO_32_BIT_CONVERSION = YES;
				GCC_WARN_ABOUT_RETURN_TYPE = YES_ERROR;
				GCC_WARN_UNDECLARED_SELECTOR = YES;
				GCC_WARN_UNINITIALIZED_AUTOS = YES_AGGRESSIVE;
				GCC_WARN_UNUSED_FUNCTION = YES;
				GCC_WARN_UNUSED_VARIABLE = YES;
				IPHONEOS_DEPLOYMENT_TARGET = 10.2;
				MTL_ENABLE_DEBUG_INFO = YES;
				ONLY_ACTIVE_ARCH = YES;
				SDKROOT = iphoneos;
			};
			name = Debug;
		};
		81F70AEC1E67E5DA001A0393 /* Release */ = {
			isa = XCBuildConfiguration;
			buildSettings = {
				ALWAYS_SEARCH_USER_PATHS = NO;
				CLANG_ANALYZER_NONNULL = YES;
				CLANG_CXX_LANGUAGE_STANDARD = "gnu++0x";
				CLANG_CXX_LIBRARY = "libc++";
				CLANG_ENABLE_MODULES = YES;
				CLANG_ENABLE_OBJC_ARC = YES;
				CLANG_WARN_BOOL_CONVERSION = YES;
				CLANG_WARN_CONSTANT_CONVERSION = YES;
				CLANG_WARN_DIRECT_OBJC_ISA_USAGE = YES_ERROR;
				CLANG_WARN_DOCUMENTATION_COMMENTS = YES;
				CLANG_WARN_EMPTY_BODY = YES;
				CLANG_WARN_ENUM_CONVERSION = YES;
				CLANG_WARN_INFINITE_RECURSION = YES;
				CLANG_WARN_INT_CONVERSION = YES;
				CLANG_WARN_OBJC_ROOT_CLASS = YES_ERROR;
				CLANG_WARN_SUSPICIOUS_MOVE = YES;
				CLANG_WARN_UNREACHABLE_CODE = YES;
				CLANG_WARN__DUPLICATE_METHOD_MATCH = YES;
				"CODE_SIGN_IDENTITY[sdk=iphoneos*]" = "iPhone Developer";
				COPY_PHASE_STRIP = NO;
				DEBUG_INFORMATION_FORMAT = "dwarf-with-dsym";
				ENABLE_NS_ASSERTIONS = NO;
				ENABLE_STRICT_OBJC_MSGSEND = YES;
				GCC_C_LANGUAGE_STANDARD = gnu99;
				GCC_NO_COMMON_BLOCKS = YES;
				GCC_WARN_64_TO_32_BIT_CONVERSION = YES;
				GCC_WARN_ABOUT_RETURN_TYPE = YES_ERROR;
				GCC_WARN_UNDECLARED_SELECTOR = YES;
				GCC_WARN_UNINITIALIZED_AUTOS = YES_AGGRESSIVE;
				GCC_WARN_UNUSED_FUNCTION = YES;
				GCC_WARN_UNUSED_VARIABLE = YES;
				IPHONEOS_DEPLOYMENT_TARGET = 10.2;
				MTL_ENABLE_DEBUG_INFO = NO;
				SDKROOT = iphoneos;
				VALIDATE_PRODUCT = YES;
			};
			name = Release;
		};
		81F70AEE1E67E5DA001A0393 /* Debug */ = {
			isa = XCBuildConfiguration;
			baseConfigurationReference = 1254368A0E13C39B387C043D /* Pods-httpProxy.debug.xcconfig */;
			buildSettings = {
				ASSETCATALOG_COMPILER_APPICON_NAME = AppIcon;
				DEVELOPMENT_TEAM = MEU26PKGC2;
				GCC_PRECOMPILE_PREFIX_HEADER = YES;
				GCC_PREFIX_HEADER = "$(SRCROOT)/httpProxy/PrefixHeader.pch";
				INFOPLIST_FILE = httpProxy/Info.plist;
				LD_RUNPATH_SEARCH_PATHS = "$(inherited) @executable_path/Frameworks";
				PRODUCT_BUNDLE_IDENTIFIER = im.tt.vpn.httpProxy;
				PRODUCT_NAME = "$(TARGET_NAME)";
			};
			name = Debug;
		};
		81F70AEF1E67E5DA001A0393 /* Release */ = {
			isa = XCBuildConfiguration;
			baseConfigurationReference = 377E27B458491126F4F664E8 /* Pods-httpProxy.release.xcconfig */;
			buildSettings = {
				ASSETCATALOG_COMPILER_APPICON_NAME = AppIcon;
				DEVELOPMENT_TEAM = MEU26PKGC2;
				GCC_PRECOMPILE_PREFIX_HEADER = YES;
				GCC_PREFIX_HEADER = "$(SRCROOT)/httpProxy/PrefixHeader.pch";
				INFOPLIST_FILE = httpProxy/Info.plist;
				LD_RUNPATH_SEARCH_PATHS = "$(inherited) @executable_path/Frameworks";
				PRODUCT_BUNDLE_IDENTIFIER = im.tt.vpn.httpProxy;
				PRODUCT_NAME = "$(TARGET_NAME)";
			};
			name = Release;
		};
/* End XCBuildConfiguration section */

/* Begin XCConfigurationList section */
		81F70AD11E67E5DA001A0393 /* Build configuration list for PBXProject "httpProxy" */ = {
			isa = XCConfigurationList;
			buildConfigurations = (
				81F70AEB1E67E5DA001A0393 /* Debug */,
				81F70AEC1E67E5DA001A0393 /* Release */,
			);
			defaultConfigurationIsVisible = 0;
			defaultConfigurationName = Release;
		};
		81F70AED1E67E5DA001A0393 /* Build configuration list for PBXNativeTarget "httpProxy" */ = {
			isa = XCConfigurationList;
			buildConfigurations = (
				81F70AEE1E67E5DA001A0393 /* Debug */,
				81F70AEF1E67E5DA001A0393 /* Release */,
			);
			defaultConfigurationIsVisible = 0;
			defaultConfigurationName = Release;
		};
/* End XCConfigurationList section */
	};
	rootObject = 81F70ACE1E67E5DA001A0393 /* Project object */;
}
