// !$*UTF8*$!
{
	archiveVersion = 1;
	classes = {
	};
	objectVersion = 46;
	objects = {

/* Begin PBXBuildFile section */
		7F4459916FA1E8A2EB17D097 /* libPods-httpProxy.a in Frameworks */ = {isa = PBXBuildFile; fileRef = 708E68046B64B8D266F43A0D /* libPods-httpProxy.a */; };
		8165E1B01E88FA690004E7BD /* Encryptor.m in Sources */ = {isa = PBXBuildFile; fileRef = 8165E1AF1E88FA690004E7BD /* Encryptor.m */; };
		8165FFF21E80C96C000A148B /* Tunnel.m in Sources */ = {isa = PBXBuildFile; fileRef = 8165FFF11E80C96C000A148B /* Tunnel.m */; };
		818F0FE41E824DAD009CF1A6 /* LocalServer.m in Sources */ = {isa = PBXBuildFile; fileRef = 818F0FE31E824DAD009CF1A6 /* LocalServer.m */; };
		818F0FE71E824DD6009CF1A6 /* GCDLocalServer.m in Sources */ = {isa = PBXBuildFile; fileRef = 818F0FE61E824DD6009CF1A6 /* GCDLocalServer.m */; };
		818F0FEA1E82513E009CF1A6 /* GCDHTTPLocalServer.m in Sources */ = {isa = PBXBuildFile; fileRef = 818F0FE91E82513E009CF1A6 /* GCDHTTPLocalServer.m */; };
		818F0FF11E8252E3009CF1A6 /* HttpLocalSocket.m in Sources */ = {isa = PBXBuildFile; fileRef = 818F0FEE1E8252E3009CF1A6 /* HttpLocalSocket.m */; };
		818F0FF21E8252E3009CF1A6 /* LocalSocket.m in Sources */ = {isa = PBXBuildFile; fileRef = 818F0FF01E8252E3009CF1A6 /* LocalSocket.m */; };
		818F0FF81E825BBB009CF1A6 /* DirectRemoteSocket.m in Sources */ = {isa = PBXBuildFile; fileRef = 818F0FF51E825BBB009CF1A6 /* DirectRemoteSocket.m */; };
		818F0FF91E825BBB009CF1A6 /* RemoteSocket.m in Sources */ = {isa = PBXBuildFile; fileRef = 818F0FF71E825BBB009CF1A6 /* RemoteSocket.m */; };
		818F103D1E83A29C009CF1A6 /* AdapterFactory.m in Sources */ = {isa = PBXBuildFile; fileRef = 818F103C1E83A29C009CF1A6 /* AdapterFactory.m */; };
		81BAD2181E83BCB0003DF7AC /* GCDTCPSocket.m in Sources */ = {isa = PBXBuildFile; fileRef = 81BAD2171E83BCB0003DF7AC /* GCDTCPSocket.m */; };
		81BAD2641E88F5FB003DF7AC /* ConnectSession.m in Sources */ = {isa = PBXBuildFile; fileRef = 81BAD25D1E88F5FB003DF7AC /* ConnectSession.m */; };
		81BAD2651E88F5FB003DF7AC /* HTTPHeader.m in Sources */ = {isa = PBXBuildFile; fileRef = 81BAD25F1E88F5FB003DF7AC /* HTTPHeader.m */; };
		81BAD2661E88F5FB003DF7AC /* HTTPStreamScanner.m in Sources */ = {isa = PBXBuildFile; fileRef = 81BAD2611E88F5FB003DF7AC /* HTTPStreamScanner.m */; };
		81BAD2671E88F5FB003DF7AC /* Utils.m in Sources */ = {isa = PBXBuildFile; fileRef = 81BAD2631E88F5FB003DF7AC /* Utils.m */; };
		81C6D1E01E72D14C004B780A /* ShadowSocksProxySocket.m in Sources */ = {isa = PBXBuildFile; fileRef = 81C6D1DF1E72D14C004B780A /* ShadowSocksProxySocket.m */; };
		81F26F731E6D881D00079AA1 /* SOCKSProxy.m in Sources */ = {isa = PBXBuildFile; fileRef = 81F26F6F1E6D881D00079AA1 /* SOCKSProxy.m */; };
		81F26F741E6D881D00079AA1 /* SOCKSProxySocket.m in Sources */ = {isa = PBXBuildFile; fileRef = 81F26F711E6D881D00079AA1 /* SOCKSProxySocket.m */; };
		81F70ADB1E67E5DA001A0393 /* main.m in Sources */ = {isa = PBXBuildFile; fileRef = 81F70ADA1E67E5DA001A0393 /* main.m */; };
		81F70ADE1E67E5DA001A0393 /* AppDelegate.m in Sources */ = {isa = PBXBuildFile; fileRef = 81F70ADD1E67E5DA001A0393 /* AppDelegate.m */; };
		81F70AE11E67E5DA001A0393 /* ViewController.m in Sources */ = {isa = PBXBuildFile; fileRef = 81F70AE01E67E5DA001A0393 /* ViewController.m */; };
		81F70AE41E67E5DA001A0393 /* Main.storyboard in Resources */ = {isa = PBXBuildFile; fileRef = 81F70AE21E67E5DA001A0393 /* Main.storyboard */; };
		81F70AE61E67E5DA001A0393 /* Assets.xcassets in Resources */ = {isa = PBXBuildFile; fileRef = 81F70AE51E67E5DA001A0393 /* Assets.xcassets */; };
		81F70AE91E67E5DA001A0393 /* LaunchScreen.storyboard in Resources */ = {isa = PBXBuildFile; fileRef = 81F70AE71E67E5DA001A0393 /* LaunchScreen.storyboard */; };
		81FE3DCE1E7813F90051D63E /* NSData+Encryptor.m in Sources */ = {isa = PBXBuildFile; fileRef = 81FE3DCD1E7813F90051D63E /* NSData+Encryptor.m */; };
/* End PBXBuildFile section */

/* Begin PBXFileReference section */
		1254368A0E13C39B387C043D /* Pods-httpProxy.debug.xcconfig */ = {isa = PBXFileReference; includeInIndex = 1; lastKnownFileType = text.xcconfig; name = "Pods-httpProxy.debug.xcconfig"; path = "Pods/Target Support Files/Pods-httpProxy/Pods-httpProxy.debug.xcconfig"; sourceTree = "<group>"; };
		377E27B458491126F4F664E8 /* Pods-httpProxy.release.xcconfig */ = {isa = PBXFileReference; includeInIndex = 1; lastKnownFileType = text.xcconfig; name = "Pods-httpProxy.release.xcconfig"; path = "Pods/Target Support Files/Pods-httpProxy/Pods-httpProxy.release.xcconfig"; sourceTree = "<group>"; };
		708E68046B64B8D266F43A0D /* libPods-httpProxy.a */ = {isa = PBXFileReference; explicitFileType = archive.ar; includeInIndex = 0; path = "libPods-httpProxy.a"; sourceTree = BUILT_PRODUCTS_DIR; };
		8165E1AE1E88FA690004E7BD /* Encryptor.h */ = {isa = PBXFileReference; fileEncoding = 4; lastKnownFileType = sourcecode.c.h; path = Encryptor.h; sourceTree = "<group>"; };
		8165E1AF1E88FA690004E7BD /* Encryptor.m */ = {isa = PBXFileReference; fileEncoding = 4; lastKnownFileType = sourcecode.c.objc; path = Encryptor.m; sourceTree = "<group>"; };
		8165FFF01E80C96C000A148B /* Tunnel.h */ = {isa = PBXFileReference; fileEncoding = 4; lastKnownFileType = sourcecode.c.h; path = Tunnel.h; sourceTree = "<group>"; };
		8165FFF11E80C96C000A148B /* Tunnel.m */ = {isa = PBXFileReference; fileEncoding = 4; lastKnownFileType = sourcecode.c.objc; path = Tunnel.m; sourceTree = "<group>"; };
		818F0FDC1E8132B9009CF1A6 /* SocketProtocol.h */ = {isa = PBXFileReference; fileEncoding = 4; lastKnownFileType = sourcecode.c.h; path = SocketProtocol.h; sourceTree = "<group>"; };
		818F0FE21E824DAD009CF1A6 /* LocalServer.h */ = {isa = PBXFileReference; fileEncoding = 4; lastKnownFileType = sourcecode.c.h; path = LocalServer.h; sourceTree = "<group>"; };
		818F0FE31E824DAD009CF1A6 /* LocalServer.m */ = {isa = PBXFileReference; fileEncoding = 4; lastKnownFileType = sourcecode.c.objc; path = LocalServer.m; sourceTree = "<group>"; };
		818F0FE51E824DD6009CF1A6 /* GCDLocalServer.h */ = {isa = PBXFileReference; fileEncoding = 4; lastKnownFileType = sourcecode.c.h; path = GCDLocalServer.h; sourceTree = "<group>"; };
		818F0FE61E824DD6009CF1A6 /* GCDLocalServer.m */ = {isa = PBXFileReference; fileEncoding = 4; lastKnownFileType = sourcecode.c.objc; path = GCDLocalServer.m; sourceTree = "<group>"; };
		818F0FE81E82513E009CF1A6 /* GCDHTTPLocalServer.h */ = {isa = PBXFileReference; fileEncoding = 4; lastKnownFileType = sourcecode.c.h; path = GCDHTTPLocalServer.h; sourceTree = "<group>"; };
		818F0FE91E82513E009CF1A6 /* GCDHTTPLocalServer.m */ = {isa = PBXFileReference; fileEncoding = 4; lastKnownFileType = sourcecode.c.objc; path = GCDHTTPLocalServer.m; sourceTree = "<group>"; };
		818F0FED1E8252E3009CF1A6 /* HttpLocalSocket.h */ = {isa = PBXFileReference; fileEncoding = 4; lastKnownFileType = sourcecode.c.h; path = HttpLocalSocket.h; sourceTree = "<group>"; };
		818F0FEE1E8252E3009CF1A6 /* HttpLocalSocket.m */ = {isa = PBXFileReference; fileEncoding = 4; lastKnownFileType = sourcecode.c.objc; path = HttpLocalSocket.m; sourceTree = "<group>"; };
		818F0FEF1E8252E3009CF1A6 /* LocalSocket.h */ = {isa = PBXFileReference; fileEncoding = 4; lastKnownFileType = sourcecode.c.h; path = LocalSocket.h; sourceTree = "<group>"; };
		818F0FF01E8252E3009CF1A6 /* LocalSocket.m */ = {isa = PBXFileReference; fileEncoding = 4; lastKnownFileType = sourcecode.c.objc; path = LocalSocket.m; sourceTree = "<group>"; };
		818F0FF41E825BBB009CF1A6 /* DirectRemoteSocket.h */ = {isa = PBXFileReference; fileEncoding = 4; lastKnownFileType = sourcecode.c.h; path = DirectRemoteSocket.h; sourceTree = "<group>"; };
		818F0FF51E825BBB009CF1A6 /* DirectRemoteSocket.m */ = {isa = PBXFileReference; fileEncoding = 4; lastKnownFileType = sourcecode.c.objc; path = DirectRemoteSocket.m; sourceTree = "<group>"; };
		818F0FF61E825BBB009CF1A6 /* RemoteSocket.h */ = {isa = PBXFileReference; fileEncoding = 4; lastKnownFileType = sourcecode.c.h; path = RemoteSocket.h; sourceTree = "<group>"; };
		818F0FF71E825BBB009CF1A6 /* RemoteSocket.m */ = {isa = PBXFileReference; fileEncoding = 4; lastKnownFileType = sourcecode.c.objc; path = RemoteSocket.m; sourceTree = "<group>"; };
		818F103B1E83A29C009CF1A6 /* AdapterFactory.h */ = {isa = PBXFileReference; fileEncoding = 4; lastKnownFileType = sourcecode.c.h; path = AdapterFactory.h; sourceTree = "<group>"; };
		818F103C1E83A29C009CF1A6 /* AdapterFactory.m */ = {isa = PBXFileReference; fileEncoding = 4; lastKnownFileType = sourcecode.c.objc; path = AdapterFactory.m; sourceTree = "<group>"; };
		81BAD2161E83BCB0003DF7AC /* GCDTCPSocket.h */ = {isa = PBXFileReference; fileEncoding = 4; lastKnownFileType = sourcecode.c.h; path = GCDTCPSocket.h; sourceTree = "<group>"; };
		81BAD2171E83BCB0003DF7AC /* GCDTCPSocket.m */ = {isa = PBXFileReference; fileEncoding = 4; lastKnownFileType = sourcecode.c.objc; path = GCDTCPSocket.m; sourceTree = "<group>"; };
		81BAD2191E83BCC6003DF7AC /* RawTCPSocketProtocol.h */ = {isa = PBXFileReference; lastKnownFileType = sourcecode.c.h; path = RawTCPSocketProtocol.h; sourceTree = "<group>"; };
		81BAD25C1E88F5FB003DF7AC /* ConnectSession.h */ = {isa = PBXFileReference; fileEncoding = 4; lastKnownFileType = sourcecode.c.h; path = ConnectSession.h; sourceTree = "<group>"; };
		81BAD25D1E88F5FB003DF7AC /* ConnectSession.m */ = {isa = PBXFileReference; fileEncoding = 4; lastKnownFileType = sourcecode.c.objc; path = ConnectSession.m; sourceTree = "<group>"; };
		81BAD25E1E88F5FB003DF7AC /* HTTPHeader.h */ = {isa = PBXFileReference; fileEncoding = 4; lastKnownFileType = sourcecode.c.h; path = HTTPHeader.h; sourceTree = "<group>"; };
		81BAD25F1E88F5FB003DF7AC /* HTTPHeader.m */ = {isa = PBXFileReference; fileEncoding = 4; lastKnownFileType = sourcecode.c.objc; path = HTTPHeader.m; sourceTree = "<group>"; };
		81BAD2601E88F5FB003DF7AC /* HTTPStreamScanner.h */ = {isa = PBXFileReference; fileEncoding = 4; lastKnownFileType = sourcecode.c.h; path = HTTPStreamScanner.h; sourceTree = "<group>"; };
		81BAD2611E88F5FB003DF7AC /* HTTPStreamScanner.m */ = {isa = PBXFileReference; fileEncoding = 4; lastKnownFileType = sourcecode.c.objc; path = HTTPStreamScanner.m; sourceTree = "<group>"; };
		81BAD2621E88F5FB003DF7AC /* Utils.h */ = {isa = PBXFileReference; fileEncoding = 4; lastKnownFileType = sourcecode.c.h; path = Utils.h; sourceTree = "<group>"; };
		81BAD2631E88F5FB003DF7AC /* Utils.m */ = {isa = PBXFileReference; fileEncoding = 4; lastKnownFileType = sourcecode.c.objc; path = Utils.m; sourceTree = "<group>"; };
		81C6D1DE1E72D14C004B780A /* ShadowSocksProxySocket.h */ = {isa = PBXFileReference; fileEncoding = 4; lastKnownFileType = sourcecode.c.h; path = ShadowSocksProxySocket.h; sourceTree = "<group>"; };
		81C6D1DF1E72D14C004B780A /* ShadowSocksProxySocket.m */ = {isa = PBXFileReference; fileEncoding = 4; lastKnownFileType = sourcecode.c.objc; path = ShadowSocksProxySocket.m; sourceTree = "<group>"; };
		81F26F681E6D0CC700079AA1 /* PrefixHeader.pch */ = {isa = PBXFileReference; lastKnownFileType = sourcecode.c.h; path = PrefixHeader.pch; sourceTree = "<group>"; };
		81F26F6E1E6D881D00079AA1 /* SOCKSProxy.h */ = {isa = PBXFileReference; fileEncoding = 4; lastKnownFileType = sourcecode.c.h; path = SOCKSProxy.h; sourceTree = "<group>"; };
		81F26F6F1E6D881D00079AA1 /* SOCKSProxy.m */ = {isa = PBXFileReference; fileEncoding = 4; lastKnownFileType = sourcecode.c.objc; path = SOCKSProxy.m; sourceTree = "<group>"; };
		81F26F701E6D881D00079AA1 /* SOCKSProxySocket.h */ = {isa = PBXFileReference; fileEncoding = 4; lastKnownFileType = sourcecode.c.h; path = SOCKSProxySocket.h; sourceTree = "<group>"; };
		81F26F711E6D881D00079AA1 /* SOCKSProxySocket.m */ = {isa = PBXFileReference; fileEncoding = 4; lastKnownFileType = sourcecode.c.objc; path = SOCKSProxySocket.m; sourceTree = "<group>"; };
		81F70AD61E67E5DA001A0393 /* httpProxy.app */ = {isa = PBXFileReference; explicitFileType = wrapper.application; includeInIndex = 0; path = httpProxy.app; sourceTree = BUILT_PRODUCTS_DIR; };
		81F70ADA1E67E5DA001A0393 /* main.m */ = {isa = PBXFileReference; lastKnownFileType = sourcecode.c.objc; path = main.m; sourceTree = "<group>"; };
		81F70ADC1E67E5DA001A0393 /* AppDelegate.h */ = {isa = PBXFileReference; lastKnownFileType = sourcecode.c.h; path = AppDelegate.h; sourceTree = "<group>"; };
		81F70ADD1E67E5DA001A0393 /* AppDelegate.m */ = {isa = PBXFileReference; lastKnownFileType = sourcecode.c.objc; path = AppDelegate.m; sourceTree = "<group>"; };
		81F70ADF1E67E5DA001A0393 /* ViewController.h */ = {isa = PBXFileReference; lastKnownFileType = sourcecode.c.h; path = ViewController.h; sourceTree = "<group>"; };
		81F70AE01E67E5DA001A0393 /* ViewController.m */ = {isa = PBXFileReference; lastKnownFileType = sourcecode.c.objc; path = ViewController.m; sourceTree = "<group>"; };
		81F70AE31E67E5DA001A0393 /* Base */ = {isa = PBXFileReference; lastKnownFileType = file.storyboard; name = Base; path = Base.lproj/Main.storyboard; sourceTree = "<group>"; };
		81F70AE51E67E5DA001A0393 /* Assets.xcassets */ = {isa = PBXFileReference; lastKnownFileType = folder.assetcatalog; path = Assets.xcassets; sourceTree = "<group>"; };
		81F70AE81E67E5DA001A0393 /* Base */ = {isa = PBXFileReference; lastKnownFileType = file.storyboard; name = Base; path = Base.lproj/LaunchScreen.storyboard; sourceTree = "<group>"; };
		81F70AEA1E67E5DA001A0393 /* Info.plist */ = {isa = PBXFileReference; lastKnownFileType = text.plist.xml; path = Info.plist; sourceTree = "<group>"; };
		81FE3DCC1E7813F90051D63E /* NSData+Encryptor.h */ = {isa = PBXFileReference; fileEncoding = 4; lastKnownFileType = sourcecode.c.h; path = "NSData+Encryptor.h"; sourceTree = "<group>"; };
		81FE3DCD1E7813F90051D63E /* NSData+Encryptor.m */ = {isa = PBXFileReference; fileEncoding = 4; lastKnownFileType = sourcecode.c.objc; path = "NSData+Encryptor.m"; sourceTree = "<group>"; };
/* End PBXFileReference section */

/* Begin PBXFrameworksBuildPhase section */
		81F70AD31E67E5DA001A0393 /* Frameworks */ = {
			isa = PBXFrameworksBuildPhase;
			buildActionMask = 2147483647;
			files = (
				7F4459916FA1E8A2EB17D097 /* libPods-httpProxy.a in Frameworks */,
			);
			runOnlyForDeploymentPostprocessing = 0;
		};
/* End PBXFrameworksBuildPhase section */

/* Begin PBXGroup section */
		0569CC3816BF52AF7CA6457B /* Frameworks */ = {
			isa = PBXGroup;
			children = (
				708E68046B64B8D266F43A0D /* libPods-httpProxy.a */,
			);
			name = Frameworks;
			sourceTree = "<group>";
		};
		69DCE8352842F8A382EC8DA8 /* Pods */ = {
			isa = PBXGroup;
			children = (
				1254368A0E13C39B387C043D /* Pods-httpProxy.debug.xcconfig */,
				377E27B458491126F4F664E8 /* Pods-httpProxy.release.xcconfig */,
			);
			name = Pods;
			sourceTree = "<group>";
		};
		812FF4FE1E701B3D004762A2 /* Category */ = {
			isa = PBXGroup;
			children = (
				81FE3DCC1E7813F90051D63E /* NSData+Encryptor.h */,
				81FE3DCD1E7813F90051D63E /* NSData+Encryptor.m */,
			);
			path = Category;
			sourceTree = "<group>";
		};
		818F0FDD1E82493A009CF1A6 /* v2 */ = {
			isa = PBXGroup;
			children = (
				81BAD25B1E88F5E5003DF7AC /* Utils */,
				81BAD2151E83BC16003DF7AC /* RawSocket */,
				818F103A1E83A1F6009CF1A6 /* Factory */,
				818F0FE11E824D9B009CF1A6 /* LocalServer */,
				818F0FEC1E8252E3009CF1A6 /* LocalSocket */,
				818F0FF31E825BBB009CF1A6 /* RemoteSocket */,
			);
			path = v2;
			sourceTree = "<group>";
		};
		818F0FE11E824D9B009CF1A6 /* LocalServer */ = {
			isa = PBXGroup;
			children = (
				818F0FE21E824DAD009CF1A6 /* LocalServer.h */,
				818F0FE31E824DAD009CF1A6 /* LocalServer.m */,
				818F0FE51E824DD6009CF1A6 /* GCDLocalServer.h */,
				818F0FE61E824DD6009CF1A6 /* GCDLocalServer.m */,
				818F0FE81E82513E009CF1A6 /* GCDHTTPLocalServer.h */,
				818F0FE91E82513E009CF1A6 /* GCDHTTPLocalServer.m */,
			);
			path = LocalServer;
			sourceTree = "<group>";
		};
		818F0FEC1E8252E3009CF1A6 /* LocalSocket */ = {
			isa = PBXGroup;
			children = (
				818F0FEF1E8252E3009CF1A6 /* LocalSocket.h */,
				818F0FF01E8252E3009CF1A6 /* LocalSocket.m */,
				818F0FED1E8252E3009CF1A6 /* HttpLocalSocket.h */,
				818F0FEE1E8252E3009CF1A6 /* HttpLocalSocket.m */,
			);
			path = LocalSocket;
			sourceTree = "<group>";
		};
		818F0FF31E825BBB009CF1A6 /* RemoteSocket */ = {
			isa = PBXGroup;
			children = (
				818F0FF41E825BBB009CF1A6 /* DirectRemoteSocket.h */,
				818F0FF51E825BBB009CF1A6 /* DirectRemoteSocket.m */,
				818F0FF61E825BBB009CF1A6 /* RemoteSocket.h */,
				818F0FF71E825BBB009CF1A6 /* RemoteSocket.m */,
			);
			path = RemoteSocket;
			sourceTree = "<group>";
		};
		818F103A1E83A1F6009CF1A6 /* Factory */ = {
			isa = PBXGroup;
			children = (
				818F103B1E83A29C009CF1A6 /* AdapterFactory.h */,
				818F103C1E83A29C009CF1A6 /* AdapterFactory.m */,
			);
			path = Factory;
			sourceTree = "<group>";
		};
		81BAD2151E83BC16003DF7AC /* RawSocket */ = {
			isa = PBXGroup;
			children = (
				81BAD2191E83BCC6003DF7AC /* RawTCPSocketProtocol.h */,
				81BAD2161E83BCB0003DF7AC /* GCDTCPSocket.h */,
				81BAD2171E83BCB0003DF7AC /* GCDTCPSocket.m */,
			);
			path = RawSocket;
			sourceTree = "<group>";
		};
		81BAD25A1E88F56B003DF7AC /* backup */ = {
			isa = PBXGroup;
			children = (
				8165E1AE1E88FA690004E7BD /* Encryptor.h */,
				8165E1AF1E88FA690004E7BD /* Encryptor.m */,
			);
			path = backup;
			sourceTree = "<group>";
		};
		81BAD25B1E88F5E5003DF7AC /* Utils */ = {
			isa = PBXGroup;
			children = (
				81BAD25C1E88F5FB003DF7AC /* ConnectSession.h */,
				81BAD25D1E88F5FB003DF7AC /* ConnectSession.m */,
				81BAD25E1E88F5FB003DF7AC /* HTTPHeader.h */,
				81BAD25F1E88F5FB003DF7AC /* HTTPHeader.m */,
				81BAD2601E88F5FB003DF7AC /* HTTPStreamScanner.h */,
				81BAD2611E88F5FB003DF7AC /* HTTPStreamScanner.m */,
				81BAD2621E88F5FB003DF7AC /* Utils.h */,
				81BAD2631E88F5FB003DF7AC /* Utils.m */,
			);
			path = Utils;
			sourceTree = "<group>";
		};
		81F26F691E6D881D00079AA1 /* ProxyKit */ = {
			isa = PBXGroup;
			children = (
				81F26F6D1E6D881D00079AA1 /* Server */,
			);
			path = ProxyKit;
			sourceTree = "<group>";
		};
		81F26F6D1E6D881D00079AA1 /* Server */ = {
			isa = PBXGroup;
			children = (
				81F26F6E1E6D881D00079AA1 /* SOCKSProxy.h */,
				81F26F6F1E6D881D00079AA1 /* SOCKSProxy.m */,
				81F26F701E6D881D00079AA1 /* SOCKSProxySocket.h */,
				81F26F711E6D881D00079AA1 /* SOCKSProxySocket.m */,
				81C6D1DE1E72D14C004B780A /* ShadowSocksProxySocket.h */,
				81C6D1DF1E72D14C004B780A /* ShadowSocksProxySocket.m */,
			);
			path = Server;
			sourceTree = "<group>";
		};
		81F70ACD1E67E5DA001A0393 = {
			isa = PBXGroup;
			children = (
				81F70AD81E67E5DA001A0393 /* httpProxy */,
				81F70AD71E67E5DA001A0393 /* Products */,
				69DCE8352842F8A382EC8DA8 /* Pods */,
				0569CC3816BF52AF7CA6457B /* Frameworks */,
			);
			sourceTree = "<group>";
		};
		81F70AD71E67E5DA001A0393 /* Products */ = {
			isa = PBXGroup;
			children = (
				81F70AD61E67E5DA001A0393 /* httpProxy.app */,
			);
			name = Products;
			sourceTree = "<group>";
		};
		81F70AD81E67E5DA001A0393 /* httpProxy */ = {
			isa = PBXGroup;
			children = (
				81BAD25A1E88F56B003DF7AC /* backup */,
				818F0FDD1E82493A009CF1A6 /* v2 */,
				8165FFF01E80C96C000A148B /* Tunnel.h */,
				8165FFF11E80C96C000A148B /* Tunnel.m */,
				818F0FDC1E8132B9009CF1A6 /* SocketProtocol.h */,
				812FF4FE1E701B3D004762A2 /* Category */,
				81F26F691E6D881D00079AA1 /* ProxyKit */,
				81F70ADC1E67E5DA001A0393 /* AppDelegate.h */,
				81F70ADD1E67E5DA001A0393 /* AppDelegate.m */,
				81F70ADF1E67E5DA001A0393 /* ViewController.h */,
				81F70AE01E67E5DA001A0393 /* ViewController.m */,
				81F26F681E6D0CC700079AA1 /* PrefixHeader.pch */,
				81F70AE21E67E5DA001A0393 /* Main.storyboard */,
				81F70AE51E67E5DA001A0393 /* Assets.xcassets */,
				81F70AE71E67E5DA001A0393 /* LaunchScreen.storyboard */,
				81F70AEA1E67E5DA001A0393 /* Info.plist */,
				81F70AD91E67E5DA001A0393 /* Supporting Files */,
			);
			path = httpProxy;
			sourceTree = "<group>";
		};
		81F70AD91E67E5DA001A0393 /* Supporting Files */ = {
			isa = PBXGroup;
			children = (
				81F70ADA1E67E5DA001A0393 /* main.m */,
			);
			name = "Supporting Files";
			sourceTree = "<group>";
		};
/* End PBXGroup section */

/* Begin PBXNativeTarget section */
		81F70AD51E67E5DA001A0393 /* httpProxy */ = {
			isa = PBXNativeTarget;
			buildConfigurationList = 81F70AED1E67E5DA001A0393 /* Build configuration list for PBXNativeTarget "httpProxy" */;
			buildPhases = (
				0DE523389891ED206E462337 /* [CP] Check Pods Manifest.lock */,
				81F70AD21E67E5DA001A0393 /* Sources */,
				81F70AD31E67E5DA001A0393 /* Frameworks */,
				81F70AD41E67E5DA001A0393 /* Resources */,
				A7FF38626D8197106A16D92B /* [CP] Embed Pods Frameworks */,
				AC7EE1BDBC3610343E0F3210 /* [CP] Copy Pods Resources */,
			);
			buildRules = (
			);
			dependencies = (
			);
			name = httpProxy;
			productName = httpProxy;
			productReference = 81F70AD61E67E5DA001A0393 /* httpProxy.app */;
			productType = "com.apple.product-type.application";
		};
/* End PBXNativeTarget section */

/* Begin PBXProject section */
		81F70ACE1E67E5DA001A0393 /* Project object */ = {
			isa = PBXProject;
			attributes = {
				LastUpgradeCheck = 0820;
				ORGANIZATIONNAME = FinalFantasy;
				TargetAttributes = {
					81F70AD51E67E5DA001A0393 = {
						CreatedOnToolsVersion = 8.2.1;
						DevelopmentTeam = MEU26PKGC2;
						ProvisioningStyle = Automatic;
					};
				};
			};
			buildConfigurationList = 81F70AD11E67E5DA001A0393 /* Build configuration list for PBXProject "httpProxy" */;
			compatibilityVersion = "Xcode 3.2";
			developmentRegion = English;
			hasScannedForEncodings = 0;
			knownRegions = (
				en,
				Base,
			);
			mainGroup = 81F70ACD1E67E5DA001A0393;
			productRefGroup = 81F70AD71E67E5DA001A0393 /* Products */;
			projectDirPath = "";
			projectRoot = "";
			targets = (
				81F70AD51E67E5DA001A0393 /* httpProxy */,
			);
		};
/* End PBXProject section */

/* Begin PBXResourcesBuildPhase section */
		81F70AD41E67E5DA001A0393 /* Resources */ = {
			isa = PBXResourcesBuildPhase;
			buildActionMask = 2147483647;
			files = (
				81F70AE91E67E5DA001A0393 /* LaunchScreen.storyboard in Resources */,
				81F70AE61E67E5DA001A0393 /* Assets.xcassets in Resources */,
				81F70AE41E67E5DA001A0393 /* Main.storyboard in Resources */,
			);
			runOnlyForDeploymentPostprocessing = 0;
		};
/* End PBXResourcesBuildPhase section */

/* Begin PBXShellScriptBuildPhase section */
		0DE523389891ED206E462337 /* [CP] Check Pods Manifest.lock */ = {
			isa = PBXShellScriptBuildPhase;
			buildActionMask = 2147483647;
			files = (
			);
			inputPaths = (
			);
			name = "[CP] Check Pods Manifest.lock";
			outputPaths = (
			);
			runOnlyForDeploymentPostprocessing = 0;
			shellPath = /bin/sh;
			shellScript = "diff \"${PODS_ROOT}/../Podfile.lock\" \"${PODS_ROOT}/Manifest.lock\" > /dev/null\nif [ $? != 0 ] ; then\n    # print error to STDERR\n    echo \"error: The sandbox is not in sync with the Podfile.lock. Run 'pod install' or update your CocoaPods installation.\" >&2\n    exit 1\nfi\n";
			showEnvVarsInLog = 0;
		};
		A7FF38626D8197106A16D92B /* [CP] Embed Pods Frameworks */ = {
			isa = PBXShellScriptBuildPhase;
			buildActionMask = 2147483647;
			files = (
			);
			inputPaths = (
			);
			name = "[CP] Embed Pods Frameworks";
			outputPaths = (
			);
			runOnlyForDeploymentPostprocessing = 0;
			shellPath = /bin/sh;
			shellScript = "\"${SRCROOT}/Pods/Target Support Files/Pods-httpProxy/Pods-httpProxy-frameworks.sh\"\n";
			showEnvVarsInLog = 0;
		};
		AC7EE1BDBC3610343E0F3210 /* [CP] Copy Pods Resources */ = {
			isa = PBXShellScriptBuildPhase;
			buildActionMask = 2147483647;
			files = (
			);
			inputPaths = (
			);
			name = "[CP] Copy Pods Resources";
			outputPaths = (
			);
			runOnlyForDeploymentPostprocessing = 0;
			shellPath = /bin/sh;
			shellScript = "\"${SRCROOT}/Pods/Target Support Files/Pods-httpProxy/Pods-httpProxy-resources.sh\"\n";
			showEnvVarsInLog = 0;
		};
/* End PBXShellScriptBuildPhase section */

/* Begin PBXSourcesBuildPhase section */
		81F70AD21E67E5DA001A0393 /* Sources */ = {
			isa = PBXSourcesBuildPhase;
			buildActionMask = 2147483647;
			files = (
				818F0FF21E8252E3009CF1A6 /* LocalSocket.m in Sources */,
				81BAD2641E88F5FB003DF7AC /* ConnectSession.m in Sources */,
				81BAD2651E88F5FB003DF7AC /* HTTPHeader.m in Sources */,
				818F0FF81E825BBB009CF1A6 /* DirectRemoteSocket.m in Sources */,
				81F70AE11E67E5DA001A0393 /* ViewController.m in Sources */,
				818F103D1E83A29C009CF1A6 /* AdapterFactory.m in Sources */,
				81F70ADE1E67E5DA001A0393 /* AppDelegate.m in Sources */,
				81BAD2181E83BCB0003DF7AC /* GCDTCPSocket.m in Sources */,
				81F26F741E6D881D00079AA1 /* SOCKSProxySocket.m in Sources */,
				81BAD2661E88F5FB003DF7AC /* HTTPStreamScanner.m in Sources */,
				81BAD2671E88F5FB003DF7AC /* Utils.m in Sources */,
				8165FFF21E80C96C000A148B /* Tunnel.m in Sources */,
				81F26F731E6D881D00079AA1 /* SOCKSProxy.m in Sources */,
				81F70ADB1E67E5DA001A0393 /* main.m in Sources */,
				818F0FF91E825BBB009CF1A6 /* RemoteSocket.m in Sources */,
				81FE3DCE1E7813F90051D63E /* NSData+Encryptor.m in Sources */,
				81C6D1E01E72D14C004B780A /* ShadowSocksProxySocket.m in Sources */,
				818F0FF11E8252E3009CF1A6 /* HttpLocalSocket.m in Sources */,
				8165E1B01E88FA690004E7BD /* Encryptor.m in Sources */,
				818F0FEA1E82513E009CF1A6 /* GCDHTTPLocalServer.m in Sources */,
				818F0FE41E824DAD009CF1A6 /* LocalServer.m in Sources */,
				818F0FE71E824DD6009CF1A6 /* GCDLocalServer.m in Sources */,
			);
			runOnlyForDeploymentPostprocessing = 0;
		};
/* End PBXSourcesBuildPhase section */

/* Begin PBXVariantGroup section */
		81F70AE21E67E5DA001A0393 /* Main.storyboard */ = {
			isa = PBXVariantGroup;
			children = (
				81F70AE31E67E5DA001A0393 /* Base */,
			);
			name = Main.storyboard;
			sourceTree = "<group>";
		};
		81F70AE71E67E5DA001A0393 /* LaunchScreen.storyboard */ = {
			isa = PBXVariantGroup;
			children = (
				81F70AE81E67E5DA001A0393 /* Base */,
			);
			name = LaunchScreen.storyboard;
			sourceTree = "<group>";
		};
/* End PBXVariantGroup section */

/* Begin XCBuildConfiguration section */
		81F70AEB1E67E5DA001A0393 /* Debug */ = {
			isa = XCBuildConfiguration;
			buildSettings = {
				ALWAYS_SEARCH_USER_PATHS = NO;
				CLANG_ANALYZER_NONNULL = YES;
				CLANG_CXX_LANGUAGE_STANDARD = "gnu++0x";
				CLANG_CXX_LIBRARY = "libc++";
				CLANG_ENABLE_MODULES = YES;
				CLANG_ENABLE_OBJC_ARC = YES;
				CLANG_WARN_BOOL_CONVERSION = YES;
				CLANG_WARN_CONSTANT_CONVERSION = YES;
				CLANG_WARN_DIRECT_OBJC_ISA_USAGE = YES_ERROR;
				CLANG_WARN_DOCUMENTATION_COMMENTS = YES;
				CLANG_WARN_EMPTY_BODY = YES;
				CLANG_WARN_ENUM_CONVERSION = YES;
				CLANG_WARN_INFINITE_RECURSION = YES;
				CLANG_WARN_INT_CONVERSION = YES;
				CLANG_WARN_OBJC_ROOT_CLASS = YES_ERROR;
				CLANG_WARN_SUSPICIOUS_MOVE = YES;
				CLANG_WARN_UNREACHABLE_CODE = YES;
				CLANG_WARN__DUPLICATE_METHOD_MATCH = YES;
				"CODE_SIGN_IDENTITY[sdk=iphoneos*]" = "iPhone Developer";
				COPY_PHASE_STRIP = NO;
				DEBUG_INFORMATION_FORMAT = dwarf;
				ENABLE_STRICT_OBJC_MSGSEND = YES;
				ENABLE_TESTABILITY = YES;
				GCC_C_LANGUAGE_STANDARD = gnu99;
				GCC_DYNAMIC_NO_PIC = NO;
				GCC_NO_COMMON_BLOCKS = YES;
				GCC_OPTIMIZATION_LEVEL = 0;
				GCC_PREPROCESSOR_DEFINITIONS = (
					"DEBUG=1",
					"$(inherited)",
				);
				GCC_WARN_64_TO_32_BIT_CONVERSION = YES;
				GCC_WARN_ABOUT_RETURN_TYPE = YES_ERROR;
				GCC_WARN_UNDECLARED_SELECTOR = YES;
				GCC_WARN_UNINITIALIZED_AUTOS = YES_AGGRESSIVE;
				GCC_WARN_UNUSED_FUNCTION = YES;
				GCC_WARN_UNUSED_VARIABLE = YES;
				IPHONEOS_DEPLOYMENT_TARGET = 10.2;
				MTL_ENABLE_DEBUG_INFO = YES;
				ONLY_ACTIVE_ARCH = YES;
				SDKROOT = iphoneos;
			};
			name = Debug;
		};
		81F70AEC1E67E5DA001A0393 /* Release */ = {
			isa = XCBuildConfiguration;
			buildSettings = {
				ALWAYS_SEARCH_USER_PATHS = NO;
				CLANG_ANALYZER_NONNULL = YES;
				CLANG_CXX_LANGUAGE_STANDARD = "gnu++0x";
				CLANG_CXX_LIBRARY = "libc++";
				CLANG_ENABLE_MODULES = YES;
				CLANG_ENABLE_OBJC_ARC = YES;
				CLANG_WARN_BOOL_CONVERSION = YES;
				CLANG_WARN_CONSTANT_CONVERSION = YES;
				CLANG_WARN_DIRECT_OBJC_ISA_USAGE = YES_ERROR;
				CLANG_WARN_DOCUMENTATION_COMMENTS = YES;
				CLANG_WARN_EMPTY_BODY = YES;
				CLANG_WARN_ENUM_CONVERSION = YES;
				CLANG_WARN_INFINITE_RECURSION = YES;
				CLANG_WARN_INT_CONVERSION = YES;
				CLANG_WARN_OBJC_ROOT_CLASS = YES_ERROR;
				CLANG_WARN_SUSPICIOUS_MOVE = YES;
				CLANG_WARN_UNREACHABLE_CODE = YES;
				CLANG_WARN__DUPLICATE_METHOD_MATCH = YES;
				"CODE_SIGN_IDENTITY[sdk=iphoneos*]" = "iPhone Developer";
				COPY_PHASE_STRIP = NO;
				DEBUG_INFORMATION_FORMAT = "dwarf-with-dsym";
				ENABLE_NS_ASSERTIONS = NO;
				ENABLE_STRICT_OBJC_MSGSEND = YES;
				GCC_C_LANGUAGE_STANDARD = gnu99;
				GCC_NO_COMMON_BLOCKS = YES;
				GCC_WARN_64_TO_32_BIT_CONVERSION = YES;
				GCC_WARN_ABOUT_RETURN_TYPE = YES_ERROR;
				GCC_WARN_UNDECLARED_SELECTOR = YES;
				GCC_WARN_UNINITIALIZED_AUTOS = YES_AGGRESSIVE;
				GCC_WARN_UNUSED_FUNCTION = YES;
				GCC_WARN_UNUSED_VARIABLE = YES;
				IPHONEOS_DEPLOYMENT_TARGET = 10.2;
				MTL_ENABLE_DEBUG_INFO = NO;
				SDKROOT = iphoneos;
				VALIDATE_PRODUCT = YES;
			};
			name = Release;
		};
		81F70AEE1E67E5DA001A0393 /* Debug */ = {
			isa = XCBuildConfiguration;
			baseConfigurationReference = 1254368A0E13C39B387C043D /* Pods-httpProxy.debug.xcconfig */;
			buildSettings = {
				ASSETCATALOG_COMPILER_APPICON_NAME = AppIcon;
				DEVELOPMENT_TEAM = MEU26PKGC2;
				GCC_PRECOMPILE_PREFIX_HEADER = YES;
				GCC_PREFIX_HEADER = "$(SRCROOT)/httpProxy/PrefixHeader.pch";
				INFOPLIST_FILE = httpProxy/Info.plist;
				LD_RUNPATH_SEARCH_PATHS = "$(inherited) @executable_path/Frameworks";
				PRODUCT_BUNDLE_IDENTIFIER = im.tt.vpn.httpProxy;
				PRODUCT_NAME = "$(TARGET_NAME)";
			};
			name = Debug;
		};
		81F70AEF1E67E5DA001A0393 /* Release */ = {
			isa = XCBuildConfiguration;
			baseConfigurationReference = 377E27B458491126F4F664E8 /* Pods-httpProxy.release.xcconfig */;
			buildSettings = {
				ASSETCATALOG_COMPILER_APPICON_NAME = AppIcon;
				DEVELOPMENT_TEAM = MEU26PKGC2;
				GCC_PRECOMPILE_PREFIX_HEADER = YES;
				GCC_PREFIX_HEADER = "$(SRCROOT)/httpProxy/PrefixHeader.pch";
				INFOPLIST_FILE = httpProxy/Info.plist;
				LD_RUNPATH_SEARCH_PATHS = "$(inherited) @executable_path/Frameworks";
				PRODUCT_BUNDLE_IDENTIFIER = im.tt.vpn.httpProxy;
				PRODUCT_NAME = "$(TARGET_NAME)";
			};
			name = Release;
		};
/* End XCBuildConfiguration section */

/* Begin XCConfigurationList section */
		81F70AD11E67E5DA001A0393 /* Build configuration list for PBXProject "httpProxy" */ = {
			isa = XCConfigurationList;
			buildConfigurations = (
				81F70AEB1E67E5DA001A0393 /* Debug */,
				81F70AEC1E67E5DA001A0393 /* Release */,
			);
			defaultConfigurationIsVisible = 0;
			defaultConfigurationName = Release;
		};
		81F70AED1E67E5DA001A0393 /* Build configuration list for PBXNativeTarget "httpProxy" */ = {
			isa = XCConfigurationList;
			buildConfigurations = (
				81F70AEE1E67E5DA001A0393 /* Debug */,
				81F70AEF1E67E5DA001A0393 /* Release */,
			);
			defaultConfigurationIsVisible = 0;
			defaultConfigurationName = Release;
		};
/* End XCConfigurationList section */
	};
	rootObject = 81F70ACE1E67E5DA001A0393 /* Project object */;
}
